
Microsoft Visual Studio Solution File, Format Version 12.00
# Visual Studio Version 16
VisualStudioVersion = 16.0.29613.14
MinimumVisualStudioVersion = 10.0.40219.1
Project("{FAE04EC0-301F-11D3-BF4B-00C04F79EFBC}") = "Merge_sort", "Merge_sort\Merge_sort.csproj", "{4E40E331-815A-49A7-8E76-57B156F531C9}"
EndProject
Global
	GlobalSection(SolutionConfigurationPlatforms) = preSolution
		Debug|Any CPU = Debug|Any CPU
		Release|Any CPU = Release|Any CPU
	EndGlobalSection
	GlobalSection(ProjectConfigurationPlatforms) = postSolution
		{4E40E331-815A-49A7-8E76-57B156F531C9}.Debug|Any CPU.ActiveCfg = Debug|Any CPU
		{4E40E331-815A-49A7-8E76-57B156F531C9}.Debug|Any CPU.Build.0 = Debug|Any CPU
		{4E40E331-815A-49A7-8E76-57B156F531C9}.Release|Any CPU.ActiveCfg = Release|Any CPU
		{4E40E331-815A-49A7-8E76-57B156F531C9}.Release|Any CPU.Build.0 = Release|Any CPU
	EndGlobalSection
	GlobalSection(SolutionProperties) = preSolution
		HideSolutionNode = FALSE
	EndGlobalSection
	GlobalSection(ExtensibilityGlobals) = postSolution
		SolutionGuid = {225CD8AC-B014-45C3-8E8E-7EB3AEFF619E}
	EndGlobalSection
EndGlobal
